// !$*UTF8*$!
{
	archiveVersion = 1;
	classes = {
	};
	objectVersion = 48;
	objects = {

/* Begin PBXBuildFile section */
		24E331201FC3D340004BC27F /* TaskListViewDataSource.swift in Sources */ = {isa = PBXBuildFile; fileRef = 24E3311F1FC3D340004BC27F /* TaskListViewDataSource.swift */; };
		24E331221FC42587004BC27F /* ToDoListViewController.swift in Sources */ = {isa = PBXBuildFile; fileRef = 24E331211FC42587004BC27F /* ToDoListViewController.swift */; };
		24E331261FC427A8004BC27F /* DefaultTaskViewController.swift in Sources */ = {isa = PBXBuildFile; fileRef = 24E331251FC427A8004BC27F /* DefaultTaskViewController.swift */; };
		468218E31FC32CC4008F9EFF /* AppDelegate.swift in Sources */ = {isa = PBXBuildFile; fileRef = 468218E21FC32CC4008F9EFF /* AppDelegate.swift */; };
		468218E51FC32CC4008F9EFF /* ViewController.swift in Sources */ = {isa = PBXBuildFile; fileRef = 468218E41FC32CC4008F9EFF /* ViewController.swift */; };
		468218E81FC32CC4008F9EFF /* Main.storyboard in Resources */ = {isa = PBXBuildFile; fileRef = 468218E61FC32CC4008F9EFF /* Main.storyboard */; };
		468218EB1FC32CC4008F9EFF /* SwiftTraning.xcdatamodeld in Sources */ = {isa = PBXBuildFile; fileRef = 468218E91FC32CC4008F9EFF /* SwiftTraning.xcdatamodeld */; };
		468218ED1FC32CC4008F9EFF /* Assets.xcassets in Resources */ = {isa = PBXBuildFile; fileRef = 468218EC1FC32CC4008F9EFF /* Assets.xcassets */; };
		468218F01FC32CC4008F9EFF /* LaunchScreen.storyboard in Resources */ = {isa = PBXBuildFile; fileRef = 468218EE1FC32CC4008F9EFF /* LaunchScreen.storyboard */; };
		468218FB1FC32CC4008F9EFF /* SwiftTraningTests.swift in Sources */ = {isa = PBXBuildFile; fileRef = 468218FA1FC32CC4008F9EFF /* SwiftTraningTests.swift */; };
/* End PBXBuildFile section */

/* Begin PBXContainerItemProxy section */
		468218F71FC32CC4008F9EFF /* PBXContainerItemProxy */ = {
			isa = PBXContainerItemProxy;
			containerPortal = 468218D71FC32CC4008F9EFF /* Project object */;
			proxyType = 1;
			remoteGlobalIDString = 468218DE1FC32CC4008F9EFF;
			remoteInfo = SwiftTraning;
		};
/* End PBXContainerItemProxy section */

/* Begin PBXFileReference section */
		24E3311F1FC3D340004BC27F /* TaskListViewDataSource.swift */ = {isa = PBXFileReference; lastKnownFileType = sourcecode.swift; path = TaskListViewDataSource.swift; sourceTree = "<group>"; };
		24E331211FC42587004BC27F /* ToDoListViewController.swift */ = {isa = PBXFileReference; lastKnownFileType = sourcecode.swift; path = ToDoListViewController.swift; sourceTree = "<group>"; };
		24E331251FC427A8004BC27F /* DefaultTaskViewController.swift */ = {isa = PBXFileReference; lastKnownFileType = sourcecode.swift; name = DefaultTaskViewController.swift; path = SwiftTraning/DefaultTaskViewController.swift; sourceTree = SOURCE_ROOT; };
		468218DF1FC32CC4008F9EFF /* SwiftTraning.app */ = {isa = PBXFileReference; explicitFileType = wrapper.application; includeInIndex = 0; path = SwiftTraning.app; sourceTree = BUILT_PRODUCTS_DIR; };
		468218E21FC32CC4008F9EFF /* AppDelegate.swift */ = {isa = PBXFileReference; lastKnownFileType = sourcecode.swift; path = AppDelegate.swift; sourceTree = "<group>"; };
		468218E41FC32CC4008F9EFF /* ViewController.swift */ = {isa = PBXFileReference; lastKnownFileType = sourcecode.swift; path = ViewController.swift; sourceTree = "<group>"; };
		468218E71FC32CC4008F9EFF /* Base */ = {isa = PBXFileReference; lastKnownFileType = file.storyboard; name = Base; path = Base.lproj/Main.storyboard; sourceTree = "<group>"; };
		468218EA1FC32CC4008F9EFF /* SwiftTraning.xcdatamodel */ = {isa = PBXFileReference; lastKnownFileType = wrapper.xcdatamodel; path = SwiftTraning.xcdatamodel; sourceTree = "<group>"; };
		468218EC1FC32CC4008F9EFF /* Assets.xcassets */ = {isa = PBXFileReference; lastKnownFileType = folder.assetcatalog; path = Assets.xcassets; sourceTree = "<group>"; };
		468218EF1FC32CC4008F9EFF /* Base */ = {isa = PBXFileReference; lastKnownFileType = file.storyboard; name = Base; path = Base.lproj/LaunchScreen.storyboard; sourceTree = "<group>"; };
		468218F11FC32CC4008F9EFF /* Info.plist */ = {isa = PBXFileReference; lastKnownFileType = text.plist.xml; path = Info.plist; sourceTree = "<group>"; };
		468218F61FC32CC4008F9EFF /* SwiftTraningTests.xctest */ = {isa = PBXFileReference; explicitFileType = wrapper.cfbundle; includeInIndex = 0; path = SwiftTraningTests.xctest; sourceTree = BUILT_PRODUCTS_DIR; };
		468218FA1FC32CC4008F9EFF /* SwiftTraningTests.swift */ = {isa = PBXFileReference; lastKnownFileType = sourcecode.swift; path = SwiftTraningTests.swift; sourceTree = "<group>"; };
		468218FC1FC32CC4008F9EFF /* Info.plist */ = {isa = PBXFileReference; lastKnownFileType = text.plist.xml; path = Info.plist; sourceTree = "<group>"; };
/* End PBXFileReference section */

/* Begin PBXFrameworksBuildPhase section */
		468218DC1FC32CC4008F9EFF /* Frameworks */ = {
			isa = PBXFrameworksBuildPhase;
			buildActionMask = 2147483647;
			files = (
			);
			runOnlyForDeploymentPostprocessing = 0;
		};
		468218F31FC32CC4008F9EFF /* Frameworks */ = {
			isa = PBXFrameworksBuildPhase;
			buildActionMask = 2147483647;
			files = (
			);
			runOnlyForDeploymentPostprocessing = 0;
		};
/* End PBXFrameworksBuildPhase section */

/* Begin PBXGroup section */
		24E331231FC42591004BC27F /* View Controllers */ = {
			isa = PBXGroup;
			children = (
				468218E41FC32CC4008F9EFF /* ViewController.swift */,
				24E331211FC42587004BC27F /* ToDoListViewController.swift */,
				24E331251FC427A8004BC27F /* DefaultTaskViewController.swift */,
			);
			path = "View Controllers";
			sourceTree = "<group>";
		};
		4670A7E41FC5DF7300D2ABE5 /* TableVIewDataSources */ = {
			isa = PBXGroup;
			children = (
				24E3311F1FC3D340004BC27F /* TaskListViewDataSource.swift */,
			);
			path = TableVIewDataSources;
			sourceTree = "<group>";
		};
		468218D61FC32CC4008F9EFF = {
			isa = PBXGroup;
			children = (
				468218E11FC32CC4008F9EFF /* SwiftTraning */,
				468218F91FC32CC4008F9EFF /* SwiftTraningTests */,
				468218E01FC32CC4008F9EFF /* Products */,
			);
			sourceTree = "<group>";
		};
		468218E01FC32CC4008F9EFF /* Products */ = {
			isa = PBXGroup;
			children = (
				468218DF1FC32CC4008F9EFF /* SwiftTraning.app */,
				468218F61FC32CC4008F9EFF /* SwiftTraningTests.xctest */,
			);
			name = Products;
			sourceTree = "<group>";
		};
		468218E11FC32CC4008F9EFF /* SwiftTraning */ = {
			isa = PBXGroup;
			children = (
				4670A7E41FC5DF7300D2ABE5 /* TableVIewDataSources */,
				24E331231FC42591004BC27F /* View Controllers */,
				468218E21FC32CC4008F9EFF /* AppDelegate.swift */,
				468218E61FC32CC4008F9EFF /* Main.storyboard */,
				468218EC1FC32CC4008F9EFF /* Assets.xcassets */,
				468218EE1FC32CC4008F9EFF /* LaunchScreen.storyboard */,
				468218F11FC32CC4008F9EFF /* Info.plist */,
				468218E91FC32CC4008F9EFF /* SwiftTraning.xcdatamodeld */,
			);
			path = SwiftTraning;
			sourceTree = "<group>";
		};
		468218F91FC32CC4008F9EFF /* SwiftTraningTests */ = {
			isa = PBXGroup;
			children = (
				468218FA1FC32CC4008F9EFF /* SwiftTraningTests.swift */,
				468218FC1FC32CC4008F9EFF /* Info.plist */,
			);
			path = SwiftTraningTests;
			sourceTree = "<group>";
		};
/* End PBXGroup section */

/* Begin PBXNativeTarget section */
		468218DE1FC32CC4008F9EFF /* SwiftTraning */ = {
			isa = PBXNativeTarget;
			buildConfigurationList = 468218FF1FC32CC4008F9EFF /* Build configuration list for PBXNativeTarget "SwiftTraning" */;
			buildPhases = (
				468218DB1FC32CC4008F9EFF /* Sources */,
				468218DC1FC32CC4008F9EFF /* Frameworks */,
				468218DD1FC32CC4008F9EFF /* Resources */,
			);
			buildRules = (
			);
			dependencies = (
			);
			name = SwiftTraning;
			productName = SwiftTraning;
			productReference = 468218DF1FC32CC4008F9EFF /* SwiftTraning.app */;
			productType = "com.apple.product-type.application";
		};
		468218F51FC32CC4008F9EFF /* SwiftTraningTests */ = {
			isa = PBXNativeTarget;
			buildConfigurationList = 468219021FC32CC4008F9EFF /* Build configuration list for PBXNativeTarget "SwiftTraningTests" */;
			buildPhases = (
				468218F21FC32CC4008F9EFF /* Sources */,
				468218F31FC32CC4008F9EFF /* Frameworks */,
				468218F41FC32CC4008F9EFF /* Resources */,
			);
			buildRules = (
			);
			dependencies = (
				468218F81FC32CC4008F9EFF /* PBXTargetDependency */,
			);
			name = SwiftTraningTests;
			productName = SwiftTraningTests;
			productReference = 468218F61FC32CC4008F9EFF /* SwiftTraningTests.xctest */;
			productType = "com.apple.product-type.bundle.unit-test";
		};
/* End PBXNativeTarget section */

/* Begin PBXProject section */
		468218D71FC32CC4008F9EFF /* Project object */ = {
			isa = PBXProject;
			attributes = {
				LastSwiftUpdateCheck = 0910;
				LastUpgradeCheck = 0910;
				ORGANIZATIONNAME = "Vaibhav Indalkar";
				TargetAttributes = {
					468218DE1FC32CC4008F9EFF = {
						CreatedOnToolsVersion = 9.1;
						ProvisioningStyle = Automatic;
					};
					468218F51FC32CC4008F9EFF = {
						CreatedOnToolsVersion = 9.1;
						ProvisioningStyle = Automatic;
						TestTargetID = 468218DE1FC32CC4008F9EFF;
					};
				};
			};
			buildConfigurationList = 468218DA1FC32CC4008F9EFF /* Build configuration list for PBXProject "SwiftTraning" */;
			compatibilityVersion = "Xcode 8.0";
			developmentRegion = en;
			hasScannedForEncodings = 0;
			knownRegions = (
				en,
				Base,
			);
			mainGroup = 468218D61FC32CC4008F9EFF;
			productRefGroup = 468218E01FC32CC4008F9EFF /* Products */;
			projectDirPath = "";
			projectRoot = "";
			targets = (
				468218DE1FC32CC4008F9EFF /* SwiftTraning */,
				468218F51FC32CC4008F9EFF /* SwiftTraningTests */,
			);
		};
/* End PBXProject section */

/* Begin PBXResourcesBuildPhase section */
		468218DD1FC32CC4008F9EFF /* Resources */ = {
			isa = PBXResourcesBuildPhase;
			buildActionMask = 2147483647;
			files = (
				468218F01FC32CC4008F9EFF /* LaunchScreen.storyboard in Resources */,
				468218ED1FC32CC4008F9EFF /* Assets.xcassets in Resources */,
				468218E81FC32CC4008F9EFF /* Main.storyboard in Resources */,
			);
			runOnlyForDeploymentPostprocessing = 0;
		};
		468218F41FC32CC4008F9EFF /* Resources */ = {
			isa = PBXResourcesBuildPhase;
			buildActionMask = 2147483647;
			files = (
			);
			runOnlyForDeploymentPostprocessing = 0;
		};
/* End PBXResourcesBuildPhase section */

/* Begin PBXSourcesBuildPhase section */
		468218DB1FC32CC4008F9EFF /* Sources */ = {
			isa = PBXSourcesBuildPhase;
			buildActionMask = 2147483647;
			files = (
				24E331201FC3D340004BC27F /* TaskListViewDataSource.swift in Sources */,
				468218E51FC32CC4008F9EFF /* ViewController.swift in Sources */,
				468218EB1FC32CC4008F9EFF /* SwiftTraning.xcdatamodeld in Sources */,
				24E331261FC427A8004BC27F /* DefaultTaskViewController.swift in Sources */,
				24E331221FC42587004BC27F /* ToDoListViewController.swift in Sources */,
				468218E31FC32CC4008F9EFF /* AppDelegate.swift in Sources */,
			);
			runOnlyForDeploymentPostprocessing = 0;
		};
		468218F21FC32CC4008F9EFF /* Sources */ = {
			isa = PBXSourcesBuildPhase;
			buildActionMask = 2147483647;
			files = (
				468218FB1FC32CC4008F9EFF /* SwiftTraningTests.swift in Sources */,
			);
			runOnlyForDeploymentPostprocessing = 0;
		};
/* End PBXSourcesBuildPhase section */

/* Begin PBXTargetDependency section */
		468218F81FC32CC4008F9EFF /* PBXTargetDependency */ = {
			isa = PBXTargetDependency;
			target = 468218DE1FC32CC4008F9EFF /* SwiftTraning */;
			targetProxy = 468218F71FC32CC4008F9EFF /* PBXContainerItemProxy */;
		};
/* End PBXTargetDependency section */

/* Begin PBXVariantGroup section */
		468218E61FC32CC4008F9EFF /* Main.storyboard */ = {
			isa = PBXVariantGroup;
			children = (
				468218E71FC32CC4008F9EFF /* Base */,
			);
			name = Main.storyboard;
			sourceTree = "<group>";
		};
		468218EE1FC32CC4008F9EFF /* LaunchScreen.storyboard */ = {
			isa = PBXVariantGroup;
			children = (
				468218EF1FC32CC4008F9EFF /* Base */,
			);
			name = LaunchScreen.storyboard;
			sourceTree = "<group>";
		};
/* End PBXVariantGroup section */

/* Begin XCBuildConfiguration section */
		468218FD1FC32CC4008F9EFF /* Debug */ = {
			isa = XCBuildConfiguration;
			buildSettings = {
				ALWAYS_SEARCH_USER_PATHS = NO;
				CLANG_ANALYZER_NONNULL = YES;
				CLANG_ANALYZER_NUMBER_OBJECT_CONVERSION = YES_AGGRESSIVE;
				CLANG_CXX_LANGUAGE_STANDARD = "gnu++14";
				CLANG_CXX_LIBRARY = "libc++";
				CLANG_ENABLE_MODULES = YES;
				CLANG_ENABLE_OBJC_ARC = YES;
				CLANG_WARN_BLOCK_CAPTURE_AUTORELEASING = YES;
				CLANG_WARN_BOOL_CONVERSION = YES;
				CLANG_WARN_COMMA = YES;
				CLANG_WARN_CONSTANT_CONVERSION = YES;
				CLANG_WARN_DIRECT_OBJC_ISA_USAGE = YES_ERROR;
				CLANG_WARN_DOCUMENTATION_COMMENTS = YES;
				CLANG_WARN_EMPTY_BODY = YES;
				CLANG_WARN_ENUM_CONVERSION = YES;
				CLANG_WARN_INFINITE_RECURSION = YES;
				CLANG_WARN_INT_CONVERSION = YES;
				CLANG_WARN_NON_LITERAL_NULL_CONVERSION = YES;
				CLANG_WARN_OBJC_LITERAL_CONVERSION = YES;
				CLANG_WARN_OBJC_ROOT_CLASS = YES_ERROR;
				CLANG_WARN_RANGE_LOOP_ANALYSIS = YES;
				CLANG_WARN_STRICT_PROTOTYPES = YES;
				CLANG_WARN_SUSPICIOUS_MOVE = YES;
				CLANG_WARN_UNGUARDED_AVAILABILITY = YES_AGGRESSIVE;
				CLANG_WARN_UNREACHABLE_CODE = YES;
				CLANG_WARN__DUPLICATE_METHOD_MATCH = YES;
				CODE_SIGN_IDENTITY = "iPhone Developer";
				COPY_PHASE_STRIP = NO;
				DEBUG_INFORMATION_FORMAT = dwarf;
				ENABLE_STRICT_OBJC_MSGSEND = YES;
				ENABLE_TESTABILITY = YES;
				GCC_C_LANGUAGE_STANDARD = gnu11;
				GCC_DYNAMIC_NO_PIC = NO;
				GCC_NO_COMMON_BLOCKS = YES;
				GCC_OPTIMIZATION_LEVEL = 0;
				GCC_PREPROCESSOR_DEFINITIONS = (
					"DEBUG=1",
					"$(inherited)",
				);
				GCC_WARN_64_TO_32_BIT_CONVERSION = YES;
				GCC_WARN_ABOUT_RETURN_TYPE = YES_ERROR;
				GCC_WARN_UNDECLARED_SELECTOR = YES;
				GCC_WARN_UNINITIALIZED_AUTOS = YES_AGGRESSIVE;
				GCC_WARN_UNUSED_FUNCTION = YES;
				GCC_WARN_UNUSED_VARIABLE = YES;
				IPHONEOS_DEPLOYMENT_TARGET = 11.1;
				MTL_ENABLE_DEBUG_INFO = YES;
				ONLY_ACTIVE_ARCH = YES;
				SDKROOT = iphoneos;
				SWIFT_ACTIVE_COMPILATION_CONDITIONS = DEBUG;
				SWIFT_OPTIMIZATION_LEVEL = "-Onone";
			};
			name = Debug;
		};
		468218FE1FC32CC4008F9EFF /* Release */ = {
			isa = XCBuildConfiguration;
			buildSettings = {
				ALWAYS_SEARCH_USER_PATHS = NO;
				CLANG_ANALYZER_NONNULL = YES;
				CLANG_ANALYZER_NUMBER_OBJECT_CONVERSION = YES_AGGRESSIVE;
				CLANG_CXX_LANGUAGE_STANDARD = "gnu++14";
				CLANG_CXX_LIBRARY = "libc++";
				CLANG_ENABLE_MODULES = YES;
				CLANG_ENABLE_OBJC_ARC = YES;
				CLANG_WARN_BLOCK_CAPTURE_AUTORELEASING = YES;
				CLANG_WARN_BOOL_CONVERSION = YES;
				CLANG_WARN_COMMA = YES;
				CLANG_WARN_CONSTANT_CONVERSION = YES;
				CLANG_WARN_DIRECT_OBJC_ISA_USAGE = YES_ERROR;
				CLANG_WARN_DOCUMENTATION_COMMENTS = YES;
				CLANG_WARN_EMPTY_BODY = YES;
				CLANG_WARN_ENUM_CONVERSION = YES;
				CLANG_WARN_INFINITE_RECURSION = YES;
				CLANG_WARN_INT_CONVERSION = YES;
				CLANG_WARN_NON_LITERAL_NULL_CONVERSION = YES;
				CLANG_WARN_OBJC_LITERAL_CONVERSION = YES;
				CLANG_WARN_OBJC_ROOT_CLASS = YES_ERROR;
				CLANG_WARN_RANGE_LOOP_ANALYSIS = YES;
				CLANG_WARN_STRICT_PROTOTYPES = YES;
				CLANG_WARN_SUSPICIOUS_MOVE = YES;
				CLANG_WARN_UNGUARDED_AVAILABILITY = YES_AGGRESSIVE;
				CLANG_WARN_UNREACHABLE_CODE = YES;
				CLANG_WARN__DUPLICATE_METHOD_MATCH = YES;
				CODE_SIGN_IDENTITY = "iPhone Developer";
				COPY_PHASE_STRIP = NO;
				DEBUG_INFORMATION_FORMAT = "dwarf-with-dsym";
				ENABLE_NS_ASSERTIONS = NO;
				ENABLE_STRICT_OBJC_MSGSEND = YES;
				GCC_C_LANGUAGE_STANDARD = gnu11;
				GCC_NO_COMMON_BLOCKS = YES;
				GCC_WARN_64_TO_32_BIT_CONVERSION = YES;
				GCC_WARN_ABOUT_RETURN_TYPE = YES_ERROR;
				GCC_WARN_UNDECLARED_SELECTOR = YES;
				GCC_WARN_UNINITIALIZED_AUTOS = YES_AGGRESSIVE;
				GCC_WARN_UNUSED_FUNCTION = YES;
				GCC_WARN_UNUSED_VARIABLE = YES;
				IPHONEOS_DEPLOYMENT_TARGET = 11.1;
				MTL_ENABLE_DEBUG_INFO = NO;
				SDKROOT = iphoneos;
				SWIFT_OPTIMIZATION_LEVEL = "-Owholemodule";
				VALIDATE_PRODUCT = YES;
			};
			name = Release;
		};
		468219001FC32CC4008F9EFF /* Debug */ = {
			isa = XCBuildConfiguration;
			buildSettings = {
				ASSETCATALOG_COMPILER_APPICON_NAME = AppIcon;
				CODE_SIGN_STYLE = Automatic;
				DEVELOPMENT_TEAM = 9WU3NW92K3;
				INFOPLIST_FILE = SwiftTraning/Info.plist;
				LD_RUNPATH_SEARCH_PATHS = "$(inherited) @executable_path/Frameworks";
				PRODUCT_BUNDLE_IDENTIFIER = com.Personal.SwiftTraning1;
				PRODUCT_NAME = "$(TARGET_NAME)";
				SWIFT_VERSION = 4.0;
				TARGETED_DEVICE_FAMILY = "1,2";
			};
			name = Debug;
		};
		468219011FC32CC4008F9EFF /* Release */ = {
			isa = XCBuildConfiguration;
			buildSettings = {
				ASSETCATALOG_COMPILER_APPICON_NAME = AppIcon;
				CODE_SIGN_STYLE = Automatic;
				DEVELOPMENT_TEAM = 9WU3NW92K3;
				INFOPLIST_FILE = SwiftTraning/Info.plist;
				LD_RUNPATH_SEARCH_PATHS = "$(inherited) @executable_path/Frameworks";
				PRODUCT_BUNDLE_IDENTIFIER = com.Personal.SwiftTraning1;
				PRODUCT_NAME = "$(TARGET_NAME)";
				SWIFT_VERSION = 4.0;
				TARGETED_DEVICE_FAMILY = "1,2";
			};
			name = Release;
		};
		468219031FC32CC4008F9EFF /* Debug */ = {
			isa = XCBuildConfiguration;
			buildSettings = {
				ALWAYS_EMBED_SWIFT_STANDARD_LIBRARIES = YES;
				BUNDLE_LOADER = "$(TEST_HOST)";
				CODE_SIGN_STYLE = Automatic;
				DEVELOPMENT_TEAM = 9WU3NW92K3;
				INFOPLIST_FILE = SwiftTraningTests/Info.plist;
				LD_RUNPATH_SEARCH_PATHS = "$(inherited) @executable_path/Frameworks @loader_path/Frameworks";
				PRODUCT_BUNDLE_IDENTIFIER = com.Personal.SwiftTraningTests;
				PRODUCT_NAME = "$(TARGET_NAME)";
				SWIFT_VERSION = 4.0;
				TARGETED_DEVICE_FAMILY = "1,2";
				TEST_HOST = "$(BUILT_PRODUCTS_DIR)/SwiftTraning.app/SwiftTraning";
			};
			name = Debug;
		};
		468219041FC32CC4008F9EFF /* Release */ = {
			isa = XCBuildConfiguration;
			buildSettings = {
				ALWAYS_EMBED_SWIFT_STANDARD_LIBRARIES = YES;
				BUNDLE_LOADER = "$(TEST_HOST)";
				CODE_SIGN_STYLE = Automatic;
				DEVELOPMENT_TEAM = 9WU3NW92K3;
				INFOPLIST_FILE = SwiftTraningTests/Info.plist;
				LD_RUNPATH_SEARCH_PATHS = "$(inherited) @executable_path/Frameworks @loader_path/Frameworks";
				PRODUCT_BUNDLE_IDENTIFIER = com.Personal.SwiftTraningTests;
				PRODUCT_NAME = "$(TARGET_NAME)";
				SWIFT_VERSION = 4.0;
				TARGETED_DEVICE_FAMILY = "1,2";
				TEST_HOST = "$(BUILT_PRODUCTS_DIR)/SwiftTraning.app/SwiftTraning";
			};
			name = Release;
		};
/* End XCBuildConfiguration section */

/* Begin XCConfigurationList section */
		468218DA1FC32CC4008F9EFF /* Build configuration list for PBXProject "SwiftTraning" */ = {
			isa = XCConfigurationList;
			buildConfigurations = (
				468218FD1FC32CC4008F9EFF /* Debug */,
				468218FE1FC32CC4008F9EFF /* Release */,
			);
			defaultConfigurationIsVisible = 0;
			defaultConfigurationName = Release;
		};
		468218FF1FC32CC4008F9EFF /* Build configuration list for PBXNativeTarget "SwiftTraning" */ = {
			isa = XCConfigurationList;
			buildConfigurations = (
				468219001FC32CC4008F9EFF /* Debug */,
				468219011FC32CC4008F9EFF /* Release */,
			);
			defaultConfigurationIsVisible = 0;
			defaultConfigurationName = Release;
		};
		468219021FC32CC4008F9EFF /* Build configuration list for PBXNativeTarget "SwiftTraningTests" */ = {
			isa = XCConfigurationList;
			buildConfigurations = (
				468219031FC32CC4008F9EFF /* Debug */,
				468219041FC32CC4008F9EFF /* Release */,
			);
			defaultConfigurationIsVisible = 0;
			defaultConfigurationName = Release;
		};
/* End XCConfigurationList section */

/* Begin XCVersionGroup section */
		468218E91FC32CC4008F9EFF /* SwiftTraning.xcdatamodeld */ = {
			isa = XCVersionGroup;
			children = (
				468218EA1FC32CC4008F9EFF /* SwiftTraning.xcdatamodel */,
			);
			currentVersion = 468218EA1FC32CC4008F9EFF /* SwiftTraning.xcdatamodel */;
			path = SwiftTraning.xcdatamodeld;
			sourceTree = "<group>";
			versionGroupType = wrapper.xcdatamodel;
		};
/* End XCVersionGroup section */
	};
	rootObject = 468218D71FC32CC4008F9EFF /* Project object */;
}
